github.com/kmiloparra/resource-mutant v0.0.0-20210405041010-185f6b5f58c7 h1:B3iWw0rXWI5Wd9SD+cqQ9VPJOr+b5bV/Q9/a5Wvf7ao=
github.com/kmiloparra/resource-mutant v0.0.0-20210405041010-185f6b5f58c7/go.mod h1:icaiFzoEoVyRjpOtxFkOA6vNxPyxoHVdBXqZ69+gskA=
github.com/kmiloparra/resource-mutant v0.0.0-20210405043329-2046a76fad1b h1:S+OR8hGEJDdNFzMsKJ0Ozp5vE5PMXKT6LaTDJfCVyk0=
github.com/kmiloparra/resource-mutant v0.0.0-20210405043329-2046a76fad1b/go.mod h1:icaiFzoEoVyRjpOtxFkOA6vNxPyxoHVdBXqZ69+gskA=
